
Microsoft Visual Studio Solution File, Format Version 12.00
# Visual Studio Version 17
VisualStudioVersion = 17.7.34221.43
MinimumVisualStudioVersion = 10.0.40219.1
Project("{9A19103F-16F7-4668-BE54-9A1E7A4F7556}") = "DevHunter.Web", "DevHunter.Web\DevHunter.Web.csproj", "{B370311D-9D04-47C3-B97E-D10E60267171}"
EndProject
Project("{2150E333-8FDC-42A3-9474-1A3956D46DE8}") = "Data", "Data", "{272E45E3-434B-4441-BD39-E1F5B729E734}"
EndProject
Project("{2150E333-8FDC-42A3-9474-1A3956D46DE8}") = "Web", "Web", "{E0114117-6A0C-4E73-A22B-5F65609221D3}"
EndProject
Project("{2150E333-8FDC-42A3-9474-1A3956D46DE8}") = "Services", "Services", "{32405E8B-61E7-4A01-8761-C817DC012DAE}"
EndProject
Project("{9A19103F-16F7-4668-BE54-9A1E7A4F7556}") = "DevHunter.Common", "DevHunter.Common\DevHunter.Common.csproj", "{BE709AAA-8728-4EFD-A959-8ADE8808C859}"
EndProject
Project("{9A19103F-16F7-4668-BE54-9A1E7A4F7556}") = "DevHunter.Data", "DevHunter.Data\DevHunter.Data.csproj", "{C24F94CA-2257-4811-A1E3-251C1718C013}"
EndProject
Project("{9A19103F-16F7-4668-BE54-9A1E7A4F7556}") = "DevHunter.Data.Models", "DevHunter.Data.Models\DevHunter.Data.Models.csproj", "{BAD269FC-C105-4458-B650-2F6F607C5E88}"
EndProject
Project("{9A19103F-16F7-4668-BE54-9A1E7A4F7556}") = "DevHunter.Services.Data", "DevHunter.Services.Data\DevHunter.Services.Data.csproj", "{8C2FDFAA-5E83-48D7-91A2-27BBAFC6182C}"
EndProject
Project("{9A19103F-16F7-4668-BE54-9A1E7A4F7556}") = "DevHunter.Services.Data.Models", "DevHunter.Services.Data.Models\DevHunter.Services.Data.Models.csproj", "{13A1FD70-0094-4324-9F41-7B217198C46C}"
EndProject
Project("{9A19103F-16F7-4668-BE54-9A1E7A4F7556}") = "DevHunter.Web.Infrastructure", "DevHunter.Web.Infrastructure\DevHunter.Web.Infrastructure.csproj", "{1C550FB9-639E-42CD-ABDA-B41D23C70E0C}"
EndProject
Project("{9A19103F-16F7-4668-BE54-9A1E7A4F7556}") = "DevHunter.Web.ViewModels", "DevHunter.Web.ViewModels\DevHunter.Web.ViewModels.csproj", "{0B4AEA4B-EBAB-40AA-9C7F-C29339580846}"
EndProject
Project("{9A19103F-16F7-4668-BE54-9A1E7A4F7556}") = "DevHunter.Data.Models.Complex", "DevHunter.Data.Models.Complex\DevHunter.Data.Models.Complex.csproj", "{14653357-F29A-4598-9658-AEDA449C06DC}"
EndProject
Project("{2150E333-8FDC-42A3-9474-1A3956D46DE8}") = "Tests", "Tests", "{01A3F6F0-1101-40FE-AD6D-DF79653ECFA2}"
EndProject
Project("{2150E333-8FDC-42A3-9474-1A3956D46DE8}") = "UnitTests", "UnitTests", "{DF7DEB11-DA15-4D0C-90DE-1D1391F2A712}"
EndProject
Project("{FAE04EC0-301F-11D3-BF4B-00C04F79EFBC}") = "DevHunter.Services.Tests", "DevHunter.Services.Tests\DevHunter.Services.Tests.csproj", "{B9B4895B-3872-4A91-9863-291E01A27201}"
EndProject
Global
	GlobalSection(SolutionConfigurationPlatforms) = preSolution
		Debug|Any CPU = Debug|Any CPU
		Release|Any CPU = Release|Any CPU
	EndGlobalSection
	GlobalSection(ProjectConfigurationPlatforms) = postSolution
		{B370311D-9D04-47C3-B97E-D10E60267171}.Debug|Any CPU.ActiveCfg = Debug|Any CPU
		{B370311D-9D04-47C3-B97E-D10E60267171}.Debug|Any CPU.Build.0 = Debug|Any CPU
		{B370311D-9D04-47C3-B97E-D10E60267171}.Release|Any CPU.ActiveCfg = Release|Any CPU
		{B370311D-9D04-47C3-B97E-D10E60267171}.Release|Any CPU.Build.0 = Release|Any CPU
		{BE709AAA-8728-4EFD-A959-8ADE8808C859}.Debug|Any CPU.ActiveCfg = Debug|Any CPU
		{BE709AAA-8728-4EFD-A959-8ADE8808C859}.Debug|Any CPU.Build.0 = Debug|Any CPU
		{BE709AAA-8728-4EFD-A959-8ADE8808C859}.Release|Any CPU.ActiveCfg = Release|Any CPU
		{BE709AAA-8728-4EFD-A959-8ADE8808C859}.Release|Any CPU.Build.0 = Release|Any CPU
		{C24F94CA-2257-4811-A1E3-251C1718C013}.Debug|Any CPU.ActiveCfg = Debug|Any CPU
		{C24F94CA-2257-4811-A1E3-251C1718C013}.Debug|Any CPU.Build.0 = Debug|Any CPU
		{C24F94CA-2257-4811-A1E3-251C1718C013}.Release|Any CPU.ActiveCfg = Release|Any CPU
		{C24F94CA-2257-4811-A1E3-251C1718C013}.Release|Any CPU.Build.0 = Release|Any CPU
		{BAD269FC-C105-4458-B650-2F6F607C5E88}.Debug|Any CPU.ActiveCfg = Debug|Any CPU
		{BAD269FC-C105-4458-B650-2F6F607C5E88}.Debug|Any CPU.Build.0 = Debug|Any CPU
		{BAD269FC-C105-4458-B650-2F6F607C5E88}.Release|Any CPU.ActiveCfg = Release|Any CPU
		{BAD269FC-C105-4458-B650-2F6F607C5E88}.Release|Any CPU.Build.0 = Release|Any CPU
		{8C2FDFAA-5E83-48D7-91A2-27BBAFC6182C}.Debug|Any CPU.ActiveCfg = Debug|Any CPU
		{8C2FDFAA-5E83-48D7-91A2-27BBAFC6182C}.Debug|Any CPU.Build.0 = Debug|Any CPU
		{8C2FDFAA-5E83-48D7-91A2-27BBAFC6182C}.Release|Any CPU.ActiveCfg = Release|Any CPU
		{8C2FDFAA-5E83-48D7-91A2-27BBAFC6182C}.Release|Any CPU.Build.0 = Release|Any CPU
		{13A1FD70-0094-4324-9F41-7B217198C46C}.Debug|Any CPU.ActiveCfg = Debug|Any CPU
		{13A1FD70-0094-4324-9F41-7B217198C46C}.Debug|Any CPU.Build.0 = Debug|Any CPU
		{13A1FD70-0094-4324-9F41-7B217198C46C}.Release|Any CPU.ActiveCfg = Release|Any CPU
		{13A1FD70-0094-4324-9F41-7B217198C46C}.Release|Any CPU.Build.0 = Release|Any CPU
		{1C550FB9-639E-42CD-ABDA-B41D23C70E0C}.Debug|Any CPU.ActiveCfg = Debug|Any CPU
		{1C550FB9-639E-42CD-ABDA-B41D23C70E0C}.Debug|Any CPU.Build.0 = Debug|Any CPU
		{1C550FB9-639E-42CD-ABDA-B41D23C70E0C}.Release|Any CPU.ActiveCfg = Release|Any CPU
		{1C550FB9-639E-42CD-ABDA-B41D23C70E0C}.Release|Any CPU.Build.0 = Release|Any CPU
		{0B4AEA4B-EBAB-40AA-9C7F-C29339580846}.Debug|Any CPU.ActiveCfg = Debug|Any CPU
		{0B4AEA4B-EBAB-40AA-9C7F-C29339580846}.Debug|Any CPU.Build.0 = Debug|Any CPU
		{0B4AEA4B-EBAB-40AA-9C7F-C29339580846}.Release|Any CPU.ActiveCfg = Release|Any CPU
		{0B4AEA4B-EBAB-40AA-9C7F-C29339580846}.Release|Any CPU.Build.0 = Release|Any CPU
		{14653357-F29A-4598-9658-AEDA449C06DC}.Debug|Any CPU.ActiveCfg = Debug|Any CPU
		{14653357-F29A-4598-9658-AEDA449C06DC}.Debug|Any CPU.Build.0 = Debug|Any CPU
		{14653357-F29A-4598-9658-AEDA449C06DC}.Release|Any CPU.ActiveCfg = Release|Any CPU
		{14653357-F29A-4598-9658-AEDA449C06DC}.Release|Any CPU.Build.0 = Release|Any CPU
		{B9B4895B-3872-4A91-9863-291E01A27201}.Debug|Any CPU.ActiveCfg = Debug|Any CPU
		{B9B4895B-3872-4A91-9863-291E01A27201}.Debug|Any CPU.Build.0 = Debug|Any CPU
		{B9B4895B-3872-4A91-9863-291E01A27201}.Release|Any CPU.ActiveCfg = Release|Any CPU
		{B9B4895B-3872-4A91-9863-291E01A27201}.Release|Any CPU.Build.0 = Release|Any CPU
	EndGlobalSection
	GlobalSection(SolutionProperties) = preSolution
		HideSolutionNode = FALSE
	EndGlobalSection
	GlobalSection(NestedProjects) = preSolution
		{B370311D-9D04-47C3-B97E-D10E60267171} = {E0114117-6A0C-4E73-A22B-5F65609221D3}
		{C24F94CA-2257-4811-A1E3-251C1718C013} = {272E45E3-434B-4441-BD39-E1F5B729E734}
		{BAD269FC-C105-4458-B650-2F6F607C5E88} = {272E45E3-434B-4441-BD39-E1F5B729E734}
		{8C2FDFAA-5E83-48D7-91A2-27BBAFC6182C} = {32405E8B-61E7-4A01-8761-C817DC012DAE}
		{13A1FD70-0094-4324-9F41-7B217198C46C} = {32405E8B-61E7-4A01-8761-C817DC012DAE}
		{1C550FB9-639E-42CD-ABDA-B41D23C70E0C} = {E0114117-6A0C-4E73-A22B-5F65609221D3}
		{0B4AEA4B-EBAB-40AA-9C7F-C29339580846} = {E0114117-6A0C-4E73-A22B-5F65609221D3}
		{14653357-F29A-4598-9658-AEDA449C06DC} = {272E45E3-434B-4441-BD39-E1F5B729E734}
		{DF7DEB11-DA15-4D0C-90DE-1D1391F2A712} = {01A3F6F0-1101-40FE-AD6D-DF79653ECFA2}
		{B9B4895B-3872-4A91-9863-291E01A27201} = {DF7DEB11-DA15-4D0C-90DE-1D1391F2A712}
	EndGlobalSection
	GlobalSection(ExtensibilityGlobals) = postSolution
		SolutionGuid = {81FD7313-EA60-4B8F-9A8B-98E18846C61B}
	EndGlobalSection
EndGlobal
